
Microsoft Visual Studio Solution File, Format Version 12.00
# Visual Studio Version 17
VisualStudioVersion = 17.6.33829.357
MinimumVisualStudioVersion = 10.0.40219.1
Project("{FAE04EC0-301F-11D3-BF4B-00C04F79EFBC}") = "Licensing", "Licensing\Licensing.csproj", "{3A1B655C-C98C-4FEA-8F32-40A2C3F8E0F7}"
EndProject
Global
	GlobalSection(SolutionConfigurationPlatforms) = preSolution
		Debug|Any CPU = Debug|Any CPU
		Release|Any CPU = Release|Any CPU
	EndGlobalSection
	GlobalSection(ProjectConfigurationPlatforms) = postSolution
		{3A1B655C-C98C-4FEA-8F32-40A2C3F8E0F7}.Debug|Any CPU.ActiveCfg = Debug|Any CPU
		{3A1B655C-C98C-4FEA-8F32-40A2C3F8E0F7}.Debug|Any CPU.Build.0 = Debug|Any CPU
		{3A1B655C-C98C-4FEA-8F32-40A2C3F8E0F7}.Release|Any CPU.ActiveCfg = Release|Any CPU
		{3A1B655C-C98C-4FEA-8F32-40A2C3F8E0F7}.Release|Any CPU.Build.0 = Release|Any CPU
	EndGlobalSection
	GlobalSection(SolutionProperties) = preSolution
		HideSolutionNode = FALSE
	EndGlobalSection
	GlobalSection(ExtensibilityGlobals) = postSolution
		SolutionGuid = {B1ACF587-D159-4484-831E-A19F0E89F725}
	EndGlobalSection
EndGlobal
